Microsoft Visual Studio Solution File, Format Version 11.00
# Visual Studio 2010
Project("{FAE04EC0-301F-11D3-BF4B-00C04F79EFBC}") = "Assembly-CSharp-firstpass", "Assembly-CSharp-firstpass.csproj", "{B19465DC-AD2B-B16B-2F35-EE4C1E8A5745}"
EndProject
Project("{FAE04EC0-301F-11D3-BF4B-00C04F79EFBC}") = "Assembly-CSharp", "Assembly-CSharp.csproj", "{42290795-950B-20E3-2D6F-5AE7454D2AB9}"
EndProject
Project("{FAE04EC0-301F-11D3-BF4B-00C04F79EFBC}") = "Assembly-CSharp-Editor-firstpass", "Assembly-CSharp-Editor-firstpass.csproj", "{55DFC8E7-593F-AF7E-026C-C16A614E9B7F}"
EndProject
Global
	GlobalSection(SolutionConfigurationPlatforms) = preSolution
		Debug|Any CPU = Debug|Any CPU
		Release|Any CPU = Release|Any CPU
	EndGlobalSection
	GlobalSection(ProjectConfigurationPlatforms) = postSolution
		{B19465DC-AD2B-B16B-2F35-EE4C1E8A5745}.Debug|Any CPU.ActiveCfg = Debug|Any CPU
		{B19465DC-AD2B-B16B-2F35-EE4C1E8A5745}.Debug|Any CPU.Build.0 = Debug|Any CPU
		{B19465DC-AD2B-B16B-2F35-EE4C1E8A5745}.Release|Any CPU.ActiveCfg = Release|Any CPU
		{B19465DC-AD2B-B16B-2F35-EE4C1E8A5745}.Release|Any CPU.Build.0 = Release|Any CPU
		{42290795-950B-20E3-2D6F-5AE7454D2AB9}.Debug|Any CPU.ActiveCfg = Debug|Any CPU
		{42290795-950B-20E3-2D6F-5AE7454D2AB9}.Debug|Any CPU.Build.0 = Debug|Any CPU
		{42290795-950B-20E3-2D6F-5AE7454D2AB9}.Release|Any CPU.ActiveCfg = Release|Any CPU
		{42290795-950B-20E3-2D6F-5AE7454D2AB9}.Release|Any CPU.Build.0 = Release|Any CPU
		{55DFC8E7-593F-AF7E-026C-C16A614E9B7F}.Debug|Any CPU.ActiveCfg = Debug|Any CPU
		{55DFC8E7-593F-AF7E-026C-C16A614E9B7F}.Debug|Any CPU.Build.0 = Debug|Any CPU
		{55DFC8E7-593F-AF7E-026C-C16A614E9B7F}.Release|Any CPU.ActiveCfg = Release|Any CPU
		{55DFC8E7-593F-AF7E-026C-C16A614E9B7F}.Release|Any CPU.Build.0 = Release|Any CPU
	EndGlobalSection
	GlobalSection(SolutionProperties) = preSolution
		HideSolutionNode = FALSE
	EndGlobalSection
	GlobalSection(MonoDevelopProperties) = preSolution
		StartupItem = Assembly-CSharp.csproj
	EndGlobalSection
EndGlobal
